
Microsoft Visual Studio Solution File, Format Version 12.00
# Visual Studio Version 16
VisualStudioVersion = 16.0.31729.503
MinimumVisualStudioVersion = 10.0.40219.1
Project("{FAE04EC0-301F-11D3-BF4B-00C04F79EFBC}") = "ArraysAndLists", "ArraysAndLists.csproj", "{5757FF28-069D-49F5-9C88-726D42E5570E}"
EndProject
Global
	GlobalSection(SolutionConfigurationPlatforms) = preSolution
		Debug|Any CPU = Debug|Any CPU
		Release|Any CPU = Release|Any CPU
	EndGlobalSection
	GlobalSection(ProjectConfigurationPlatforms) = postSolution
		{5757FF28-069D-49F5-9C88-726D42E5570E}.Debug|Any CPU.ActiveCfg = Debug|Any CPU
		{5757FF28-069D-49F5-9C88-726D42E5570E}.Debug|Any CPU.Build.0 = Debug|Any CPU
		{5757FF28-069D-49F5-9C88-726D42E5570E}.Release|Any CPU.ActiveCfg = Release|Any CPU
		{5757FF28-069D-49F5-9C88-726D42E5570E}.Release|Any CPU.Build.0 = Release|Any CPU
	EndGlobalSection
	GlobalSection(SolutionProperties) = preSolution
		HideSolutionNode = FALSE
	EndGlobalSection
	GlobalSection(ExtensibilityGlobals) = postSolution
		SolutionGuid = {A0AC40B5-0C5B-41BF-B3B3-1233F4AC06E8}
	EndGlobalSection
EndGlobal
