
Microsoft Visual Studio Solution File, Format Version 12.00
# Visual Studio Version 16
VisualStudioVersion = 16.0.31729.503
MinimumVisualStudioVersion = 10.0.40219.1
Project("{FAE04EC0-301F-11D3-BF4B-00C04F79EFBC}") = "Enums", "Enums.csproj", "{98E28873-D657-4EF1-8DCF-1F7A4C16CC2B}"
EndProject
Global
	GlobalSection(SolutionConfigurationPlatforms) = preSolution
		Debug|Any CPU = Debug|Any CPU
		Release|Any CPU = Release|Any CPU
	EndGlobalSection
	GlobalSection(ProjectConfigurationPlatforms) = postSolution
		{98E28873-D657-4EF1-8DCF-1F7A4C16CC2B}.Debug|Any CPU.ActiveCfg = Debug|Any CPU
		{98E28873-D657-4EF1-8DCF-1F7A4C16CC2B}.Debug|Any CPU.Build.0 = Debug|Any CPU
		{98E28873-D657-4EF1-8DCF-1F7A4C16CC2B}.Release|Any CPU.ActiveCfg = Release|Any CPU
		{98E28873-D657-4EF1-8DCF-1F7A4C16CC2B}.Release|Any CPU.Build.0 = Release|Any CPU
	EndGlobalSection
	GlobalSection(SolutionProperties) = preSolution
		HideSolutionNode = FALSE
	EndGlobalSection
	GlobalSection(ExtensibilityGlobals) = postSolution
		SolutionGuid = {F15F8F2A-7D45-451A-9EC5-0D01D50A0585}
	EndGlobalSection
EndGlobal
