
Microsoft Visual Studio Solution File, Format Version 12.00
# Visual Studio Version 16
VisualStudioVersion = 16.0.31729.503
MinimumVisualStudioVersion = 10.0.40219.1
Project("{FAE04EC0-301F-11D3-BF4B-00C04F79EFBC}") = "StringAssignment", "StringAssignment.csproj", "{87EFB359-B51B-446D-90EF-3156872D5129}"
EndProject
Global
	GlobalSection(SolutionConfigurationPlatforms) = preSolution
		Debug|Any CPU = Debug|Any CPU
		Release|Any CPU = Release|Any CPU
	EndGlobalSection
	GlobalSection(ProjectConfigurationPlatforms) = postSolution
		{87EFB359-B51B-446D-90EF-3156872D5129}.Debug|Any CPU.ActiveCfg = Debug|Any CPU
		{87EFB359-B51B-446D-90EF-3156872D5129}.Debug|Any CPU.Build.0 = Debug|Any CPU
		{87EFB359-B51B-446D-90EF-3156872D5129}.Release|Any CPU.ActiveCfg = Release|Any CPU
		{87EFB359-B51B-446D-90EF-3156872D5129}.Release|Any CPU.Build.0 = Release|Any CPU
	EndGlobalSection
	GlobalSection(SolutionProperties) = preSolution
		HideSolutionNode = FALSE
	EndGlobalSection
	GlobalSection(ExtensibilityGlobals) = postSolution
		SolutionGuid = {5ABE57EB-1E02-46CA-AAD3-F638B16FC87B}
	EndGlobalSection
EndGlobal
