
Microsoft Visual Studio Solution File, Format Version 12.00
# Visual Studio Version 16
VisualStudioVersion = 16.0.31729.503
MinimumVisualStudioVersion = 10.0.40219.1
Project("{FAE04EC0-301F-11D3-BF4B-00C04F79EFBC}") = "Lambda", "Lambda.csproj", "{602D0685-DF3D-44E2-A5D2-7A6041DA2724}"
EndProject
Global
	GlobalSection(SolutionConfigurationPlatforms) = preSolution
		Debug|Any CPU = Debug|Any CPU
		Release|Any CPU = Release|Any CPU
	EndGlobalSection
	GlobalSection(ProjectConfigurationPlatforms) = postSolution
		{602D0685-DF3D-44E2-A5D2-7A6041DA2724}.Debug|Any CPU.ActiveCfg = Debug|Any CPU
		{602D0685-DF3D-44E2-A5D2-7A6041DA2724}.Debug|Any CPU.Build.0 = Debug|Any CPU
		{602D0685-DF3D-44E2-A5D2-7A6041DA2724}.Release|Any CPU.ActiveCfg = Release|Any CPU
		{602D0685-DF3D-44E2-A5D2-7A6041DA2724}.Release|Any CPU.Build.0 = Release|Any CPU
	EndGlobalSection
	GlobalSection(SolutionProperties) = preSolution
		HideSolutionNode = FALSE
	EndGlobalSection
	GlobalSection(ExtensibilityGlobals) = postSolution
		SolutionGuid = {12D980C4-0442-4B97-8EE0-CAC70ABE73E4}
	EndGlobalSection
EndGlobal
