
Microsoft Visual Studio Solution File, Format Version 12.00
# Visual Studio Version 16
VisualStudioVersion = 16.0.31729.503
MinimumVisualStudioVersion = 10.0.40219.1
Project("{FAE04EC0-301F-11D3-BF4B-00C04F79EFBC}") = "MethodOptional", "MethodOptional.csproj", "{E0EAE74B-4190-44BC-8A26-CA2A7682BFA3}"
EndProject
Global
	GlobalSection(SolutionConfigurationPlatforms) = preSolution
		Debug|Any CPU = Debug|Any CPU
		Release|Any CPU = Release|Any CPU
	EndGlobalSection
	GlobalSection(ProjectConfigurationPlatforms) = postSolution
		{E0EAE74B-4190-44BC-8A26-CA2A7682BFA3}.Debug|Any CPU.ActiveCfg = Debug|Any CPU
		{E0EAE74B-4190-44BC-8A26-CA2A7682BFA3}.Debug|Any CPU.Build.0 = Debug|Any CPU
		{E0EAE74B-4190-44BC-8A26-CA2A7682BFA3}.Release|Any CPU.ActiveCfg = Release|Any CPU
		{E0EAE74B-4190-44BC-8A26-CA2A7682BFA3}.Release|Any CPU.Build.0 = Release|Any CPU
	EndGlobalSection
	GlobalSection(SolutionProperties) = preSolution
		HideSolutionNode = FALSE
	EndGlobalSection
	GlobalSection(ExtensibilityGlobals) = postSolution
		SolutionGuid = {8BAE07B2-1677-424B-AA63-E591D3977248}
	EndGlobalSection
EndGlobal
